github.com/alecthomas/participle v0.2.1 h1:4AVLj1viSGa4LG5HDXKXrm5xRx19SB/rS/skPQB1Grw=
github.com/alecthomas/participle v0.2.1/go.mod h1:SW6HZGeZgSIpcUWX3fXpfZhuaWHnmoD5KCVaqSaNTkk=
github.com/alecthomas/repr v0.0.0-20181024024818-d37bc2a10ba1 h1:GDQdwm/gAcJcLAKQQZGOJ4knlw+7rfEQQcmwTbt4p5E=
github.com/alecthomas/repr v0.0.0-20181024024818-d37bc2a10ba1/go.mod h1:xTS7Pm1pD1mvyM075QCDSRqH6qRLXylzS24ZTpRiSzQ=
github.com/alecthomas/repr v0.0.0-20210801044451-80ca428c5142 h1:8Uy0oSf5co/NZXje7U1z8Mpep++QJOldL2hs/sBQf48=
github.com/alecthomas/repr v0.0.0-20210801044451-80ca428c5142/go.mod h1:2kn6fqh/zIyPLmm3ugklbEi5hg5wS435eygvNfaDQL8=
github.com/celicoo/alligopher v0.0.0-20211103194405-23fc89513cc5 h1:JzGBmiWeJsOEJJW0YPcfc5A5z1zNt2KlP1GxoRPVJDg=
github.com/celicoo/alligopher v0.0.0-20211103194405-23fc89513cc5/go.mod h1:aPA5b4IuAxNl3PjRYgg1lDM9IMutomCpcf3s8/T1nPo=
github.com/celicoo/docli/v2 v2.1.2/go.mod h1:sSYK97lZtdCEqiUtcSQS4kiw0TT008NOY+jYh7KnT1Y=
github.com/celicoo/ttest v0.0.0-20211119185255-9dc3988ea6bd h1:7HbYz5Fi29y8GIf5xZJJG58/xEMpUM+A4Xs2ujMo4Lg=
github.com/celicoo/ttest v0.0.0-20211119185255-9dc3988ea6bd/go.mod h1:0sYG7xDcYeWRbp5lz+Eh13eqtzRH5IkyJk8wokKUF2M=
github.com/davecgh/go-spew v1.1.1 h1:vj9j/u1bqnvCEfJOwUhtlOARqs3+rkHYY13jYWTU97c=
github.com/davecgh/go-spew v1.1.1/go.mod h1:J7Y8YcW2NihsgmVo/mv3lAwl/skON4iLHjSsI+c5H38=
github.com/iancoleman/strcase v0.0.0-20190422225806-e506e3ef7365 h1:ECW73yc9MY7935nNYXUkK7Dz17YuSUI9yqRqYS8aBww=
github.com/iancoleman/strcase v0.0.0-20190422225806-e506e3ef7365/go.mod h1:SK73tn/9oHe+/Y0h39VT4UCxmurVJkR5NA7kMEAOgSE=
github.com/pmezard/go-difflib v1.0.0 h1:4DBwDE0NGyQoBHbLQYPwSUPoCMWR5BEzIk/f1lZbAQM=
github.com/pmezard/go-difflib v1.0.0/go.mod h1:iKH77koFhYxTK1pcRnkKkqfTogsbg7gZNVY4sRDYZ/4=
github.com/stretchr/testify v1.2.2 h1:bSDNvY7ZPG5RlJ8otE/7V6gMiyenm9RtJ7IUVIAoJ1w=
github.com/stretchr/testify v1.2.2/go.mod h1:a8OnRcib4nhh0OaRAV+Yts87kKdq0PP7pXfy6kDkUVs=
